<?xml version="1.0" encoding="UTF-8" standalone="yes" ?>
<CodeBlocks_project_file>
	<FileVersion major="1" minor="6" />
	<Project>
		<Option title="STM8Slib" />
		<Option pch_mode="2" />
		<Option compiler="sdcc" />
		<Build>
			<Target title="STM8S105">
				<Option output="lib/$(TARGET_NAME).lib" prefix_auto="0" extension_auto="0" />
				<Option working_dir="" />
				<Option object_output="obj/" />
				<Option type="2" />
				<Option compiler="sdcc" />
				<Compiler>
					<Add option="--opt-code-size" />
					<Add option="-DSTM8S105" />
				</Compiler>
			</Target>
			<Target title="STM8S005">
				<Option output="lib/$(TARGET_NAME).lib" prefix_auto="0" extension_auto="0" />
				<Option working_dir="" />
				<Option object_output="obj/" />
				<Option type="2" />
				<Option compiler="sdcc" />
				<Compiler>
					<Add option="--opt-code-size" />
					<Add option="-DSTM8S005" />
				</Compiler>
			</Target>
			<Target title="STM8S103">
				<Option output="lib/$(TARGET_NAME).lib" prefix_auto="0" extension_auto="0" />
				<Option working_dir="" />
				<Option object_output="obj/" />
				<Option type="2" />
				<Option compiler="sdcc" />
				<Compiler>
					<Add option="--opt-code-size" />
					<Add option="-DSTM8S103" />
				</Compiler>
			</Target>
			<Target title="STM8S903">
				<Option output="lib/$(TARGET_NAME).lib" prefix_auto="0" extension_auto="0" />
				<Option working_dir="" />
				<Option object_output="obj/" />
				<Option type="2" />
				<Option compiler="sdcc" />
				<Compiler>
					<Add option="--opt-code-size" />
					<Add option="-DSTM8S903" />
				</Compiler>
			</Target>
		</Build>
		<Compiler>
			<Add option="-mstm8" />
			<Add option="--out-fmt-ihx" />
			<Add directory="inc" />
		</Compiler>
		<Unit filename="inc/stm8s.h" />
		<Unit filename="inc/stm8s_adc1.h" />
		<Unit filename="inc/stm8s_adc2.h" />
		<Unit filename="inc/stm8s_awu.h" />
		<Unit filename="inc/stm8s_beep.h" />
		<Unit filename="inc/stm8s_can.h" />
		<Unit filename="inc/stm8s_clk.h" />
		<Unit filename="inc/stm8s_exti.h" />
		<Unit filename="inc/stm8s_flash.h" />
		<Unit filename="inc/stm8s_gpio.h" />
		<Unit filename="inc/stm8s_i2c.h" />
		<Unit filename="inc/stm8s_itc.h" />
		<Unit filename="inc/stm8s_iwdg.h" />
		<Unit filename="inc/stm8s_rst.h" />
		<Unit filename="inc/stm8s_spi.h" />
		<Unit filename="inc/stm8s_tim1.h" />
		<Unit filename="inc/stm8s_tim2.h" />
		<Unit filename="inc/stm8s_tim3.h" />
		<Unit filename="inc/stm8s_tim4.h" />
		<Unit filename="inc/stm8s_tim5.h" />
		<Unit filename="inc/stm8s_tim6.h" />
		<Unit filename="inc/stm8s_uart1.h" />
		<Unit filename="inc/stm8s_uart2.h" />
		<Unit filename="inc/stm8s_uart3.h" />
		<Unit filename="inc/stm8s_uart4.h" />
		<Unit filename="inc/stm8s_wwdg.h" />
		<Unit filename="src/stm8s_adc1.c">
			<Option compilerVar="CC" />
		</Unit>
		<Unit filename="src/stm8s_adc2.c">
			<Option compilerVar="CC" />
			<Option target="&lt;{~None~}&gt;" />
		</Unit>
		<Unit filename="src/stm8s_awu.c">
			<Option compilerVar="CC" />
		</Unit>
		<Unit filename="src/stm8s_beep.c">
			<Option compilerVar="CC" />
		</Unit>
		<Unit filename="src/stm8s_can.c">
			<Option compilerVar="CC" />
			<Option target="&lt;{~None~}&gt;" />
		</Unit>
		<Unit filename="src/stm8s_clk.c">
			<Option compilerVar="CC" />
		</Unit>
		<Unit filename="src/stm8s_exti.c">
			<Option compilerVar="CC" />
		</Unit>
		<Unit filename="src/stm8s_flash.c">
			<Option compilerVar="CC" />
		</Unit>
		<Unit filename="src/stm8s_gpio.c">
			<Option compilerVar="CC" />
		</Unit>
		<Unit filename="src/stm8s_i2c.c">
			<Option compilerVar="CC" />
		</Unit>
		<Unit filename="src/stm8s_itc.c">
			<Option compilerVar="CC" />
		</Unit>
		<Unit filename="src/stm8s_iwdg.c">
			<Option compilerVar="CC" />
		</Unit>
		<Unit filename="src/stm8s_rst.c">
			<Option compilerVar="CC" />
		</Unit>
		<Unit filename="src/stm8s_spi.c">
			<Option compilerVar="CC" />
		</Unit>
		<Unit filename="src/stm8s_tim1.c">
			<Option compilerVar="CC" />
		</Unit>
		<Unit filename="src/stm8s_tim2.c">
			<Option compilerVar="CC" />
			<Option target="STM8S105" />
			<Option target="STM8S005" />
			<Option target="STM8S103" />
		</Unit>
		<Unit filename="src/stm8s_tim3.c">
			<Option compilerVar="CC" />
			<Option target="STM8S105" />
			<Option target="STM8S005" />
		</Unit>
		<Unit filename="src/stm8s_tim4.c">
			<Option compilerVar="CC" />
			<Option target="STM8S105" />
			<Option target="STM8S005" />
			<Option target="STM8S103" />
		</Unit>
		<Unit filename="src/stm8s_tim5.c">
			<Option compilerVar="CC" />
			<Option target="STM8S903" />
		</Unit>
		<Unit filename="src/stm8s_tim6.c">
			<Option compilerVar="CC" />
			<Option target="STM8S903" />
		</Unit>
		<Unit filename="src/stm8s_uart1.c">
			<Option compilerVar="CC" />
			<Option target="STM8S103" />
			<Option target="STM8S903" />
		</Unit>
		<Unit filename="src/stm8s_uart2.c">
			<Option compilerVar="CC" />
			<Option target="STM8S105" />
			<Option target="STM8S005" />
		</Unit>
		<Unit filename="src/stm8s_uart3.c">
			<Option compilerVar="CC" />
			<Option target="&lt;{~None~}&gt;" />
		</Unit>
		<Unit filename="src/stm8s_uart4.c">
			<Option compilerVar="CC" />
			<Option target="&lt;{~None~}&gt;" />
		</Unit>
		<Unit filename="src/stm8s_wwdg.c">
			<Option compilerVar="CC" />
		</Unit>
		<Extensions>
			<code_completion />
			<debugger />
		</Extensions>
	</Project>
</CodeBlocks_project_file>
